// !$*UTF8*$!
{
	archiveVersion = 1;
	classes = {
	};
	objectVersion = 50;
	objects = {

/* Begin PBXBuildFile section */
		EEABE5F72CB7108C00F336A5 /* MakeupForYouApp.swift in Sources */ = {isa = PBXBuildFile; fileRef = EEABE5F62CB7108C00F336A5 /* MakeupForYouApp.swift */; };
		EEABE5F92CB7108C00F336A5 /* ContentView.swift in Sources */ = {isa = PBXBuildFile; fileRef = EEABE5F82CB7108C00F336A5 /* ContentView.swift */; };
		EEABE5FB2CB7108D00F336A5 /* Assets.xcassets in Resources */ = {isa = PBXBuildFile; fileRef = EEABE5FA2CB7108D00F336A5 /* Assets.xcassets */; };
		EEABE5FE2CB7108D00F336A5 /* Preview Assets.xcassets in Resources */ = {isa = PBXBuildFile; fileRef = EEABE5FD2CB7108D00F336A5 /* Preview Assets.xcassets */; };
		EEABE6072CB7160F00F336A5 /* MakeupCollectionView.swift in Sources */ = {isa = PBXBuildFile; fileRef = EEABE6062CB7160F00F336A5 /* MakeupCollectionView.swift */; };
		EEABE60A2CB74DDC00F336A5 /* SelfieCaptureView.swift in Sources */ = {isa = PBXBuildFile; fileRef = EEABE6092CB74DDC00F336A5 /* SelfieCaptureView.swift */; };
		EEABE60D2CB74E3F00F336A5 /* CameraView.swift in Sources */ = {isa = PBXBuildFile; fileRef = EEABE60C2CB74E3F00F336A5 /* CameraView.swift */; };
/* End PBXBuildFile section */

/* Begin PBXFileReference section */
		EEABE5F32CB7108C00F336A5 /* MakeupForYou.app */ = {isa = PBXFileReference; explicitFileType = wrapper.application; includeInIndex = 0; path = MakeupForYou.app; sourceTree = BUILT_PRODUCTS_DIR; };
		EEABE5F62CB7108C00F336A5 /* MakeupForYouApp.swift */ = {isa = PBXFileReference; lastKnownFileType = sourcecode.swift; path = MakeupForYouApp.swift; sourceTree = "<group>"; };
		EEABE5F82CB7108C00F336A5 /* ContentView.swift */ = {isa = PBXFileReference; lastKnownFileType = sourcecode.swift; path = ContentView.swift; sourceTree = "<group>"; };
		EEABE5FA2CB7108D00F336A5 /* Assets.xcassets */ = {isa = PBXFileReference; lastKnownFileType = folder.assetcatalog; path = Assets.xcassets; sourceTree = "<group>"; };
		EEABE5FD2CB7108D00F336A5 /* Preview Assets.xcassets */ = {isa = PBXFileReference; lastKnownFileType = folder.assetcatalog; path = "Preview Assets.xcassets"; sourceTree = "<group>"; };
		EEABE5FF2CB7108D00F336A5 /* Info.plist */ = {isa = PBXFileReference; lastKnownFileType = text.plist.xml; path = Info.plist; sourceTree = "<group>"; };
		EEABE6062CB7160F00F336A5 /* MakeupCollectionView.swift */ = {isa = PBXFileReference; lastKnownFileType = sourcecode.swift; path = MakeupCollectionView.swift; sourceTree = "<group>"; };
		EEABE6092CB74DDC00F336A5 /* SelfieCaptureView.swift */ = {isa = PBXFileReference; lastKnownFileType = sourcecode.swift; path = SelfieCaptureView.swift; sourceTree = "<group>"; };
		EEABE60C2CB74E3F00F336A5 /* CameraView.swift */ = {isa = PBXFileReference; lastKnownFileType = sourcecode.swift; path = CameraView.swift; sourceTree = "<group>"; };
/* End PBXFileReference section */

/* Begin PBXFrameworksBuildPhase section */
		EEABE5F02CB7108C00F336A5 /* Frameworks */ = {
			isa = PBXFrameworksBuildPhase;
			buildActionMask = 2147483647;
			files = (
			);
			runOnlyForDeploymentPostprocessing = 0;
		};
/* End PBXFrameworksBuildPhase section */

/* Begin PBXGroup section */
		EEABE5EA2CB7108C00F336A5 = {
			isa = PBXGroup;
			children = (
				EEABE5F52CB7108C00F336A5 /* MakeupForYou */,
				EEABE5F42CB7108C00F336A5 /* Products */,
			);
			sourceTree = "<group>";
		};
		EEABE5F42CB7108C00F336A5 /* Products */ = {
			isa = PBXGroup;
			children = (
				EEABE5F32CB7108C00F336A5 /* MakeupForYou.app */,
			);
			name = Products;
			sourceTree = "<group>";
		};
		EEABE5F52CB7108C00F336A5 /* MakeupForYou */ = {
			isa = PBXGroup;
			children = (
				EEABE5F62CB7108C00F336A5 /* MakeupForYouApp.swift */,
				EEABE5F82CB7108C00F336A5 /* ContentView.swift */,
				EEABE6062CB7160F00F336A5 /* MakeupCollectionView.swift */,
				EEABE6092CB74DDC00F336A5 /* SelfieCaptureView.swift */,
				EEABE60C2CB74E3F00F336A5 /* CameraView.swift */,
				EEABE5FA2CB7108D00F336A5 /* Assets.xcassets */,
				EEABE5FF2CB7108D00F336A5 /* Info.plist */,
				EEABE5FC2CB7108D00F336A5 /* Preview Content */,
			);
			path = MakeupForYou;
			sourceTree = "<group>";
		};
		EEABE5FC2CB7108D00F336A5 /* Preview Content */ = {
			isa = PBXGroup;
			children = (
				EEABE5FD2CB7108D00F336A5 /* Preview Assets.xcassets */,
			);
			path = "Preview Content";
			sourceTree = "<group>";
		};
/* End PBXGroup section */

/* Begin PBXNativeTarget section */
		EEABE5F22CB7108C00F336A5 /* MakeupForYou */ = {
			isa = PBXNativeTarget;
			buildConfigurationList = EEABE6022CB7108D00F336A5 /* Build configuration list for PBXNativeTarget "MakeupForYou" */;
			buildPhases = (
				EEABE5EF2CB7108C00F336A5 /* Sources */,
				EEABE5F02CB7108C00F336A5 /* Frameworks */,
				EEABE5F12CB7108C00F336A5 /* Resources */,
			);
			buildRules = (
			);
			dependencies = (
			);
			name = MakeupForYou;
			productName = MakeupForYou;
			productReference = EEABE5F32CB7108C00F336A5 /* MakeupForYou.app */;
			productType = "com.apple.product-type.application";
		};
/* End PBXNativeTarget section */

/* Begin PBXProject section */
		EEABE5EB2CB7108C00F336A5 /* Project object */ = {
			isa = PBXProject;
			attributes = {
				LastSwiftUpdateCheck = 1200;
				LastUpgradeCheck = 1200;
				TargetAttributes = {
					EEABE5F22CB7108C00F336A5 = {
						CreatedOnToolsVersion = 12.0.1;
					};
				};
			};
			buildConfigurationList = EEABE5EE2CB7108C00F336A5 /* Build configuration list for PBXProject "MakeupForYou" */;
			compatibilityVersion = "Xcode 9.3";
			developmentRegion = en;
			hasScannedForEncodings = 0;
			knownRegions = (
				en,
				Base,
			);
			mainGroup = EEABE5EA2CB7108C00F336A5;
			productRefGroup = EEABE5F42CB7108C00F336A5 /* Products */;
			projectDirPath = "";
			projectRoot = "";
			targets = (
				EEABE5F22CB7108C00F336A5 /* MakeupForYou */,
			);
		};
/* End PBXProject section */

/* Begin PBXResourcesBuildPhase section */
		EEABE5F12CB7108C00F336A5 /* Resources */ = {
			isa = PBXResourcesBuildPhase;
			buildActionMask = 2147483647;
			files = (
				EEABE5FE2CB7108D00F336A5 /* Preview Assets.xcassets in Resources */,
				EEABE5FB2CB7108D00F336A5 /* Assets.xcassets in Resources */,
			);
			runOnlyForDeploymentPostprocessing = 0;
		};
/* End PBXResourcesBuildPhase section */

/* Begin PBXSourcesBuildPhase section */
		EEABE5EF2CB7108C00F336A5 /* Sources */ = {
			isa = PBXSourcesBuildPhase;
			buildActionMask = 2147483647;
			files = (
				EEABE6072CB7160F00F336A5 /* MakeupCollectionView.swift in Sources */,
				EEABE60A2CB74DDC00F336A5 /* SelfieCaptureView.swift in Sources */,
				EEABE5F92CB7108C00F336A5 /* ContentView.swift in Sources */,
				EEABE60D2CB74E3F00F336A5 /* CameraView.swift in Sources */,
				EEABE5F72CB7108C00F336A5 /* MakeupForYouApp.swift in Sources */,
			);
			runOnlyForDeploymentPostprocessing = 0;
		};
/* End PBXSourcesBuildPhase section */

/* Begin XCBuildConfiguration section */
		EEABE6002CB7108D00F336A5 /* Debug */ = {
			isa = XCBuildConfiguration;
			buildSettings = {
				ALWAYS_SEARCH_USER_PATHS = NO;
				CLANG_ANALYZER_NONNULL = YES;
				CLANG_ANALYZER_NUMBER_OBJECT_CONVERSION = YES_AGGRESSIVE;
				CLANG_CXX_LANGUAGE_STANDARD = "gnu++14";
				CLANG_CXX_LIBRARY = "libc++";
				CLANG_ENABLE_MODULES = YES;
				CLANG_ENABLE_OBJC_ARC = YES;
				CLANG_ENABLE_OBJC_WEAK = YES;
				CLANG_WARN_BLOCK_CAPTURE_AUTORELEASING = YES;
				CLANG_WARN_BOOL_CONVERSION = YES;
				CLANG_WARN_COMMA = YES;
				CLANG_WARN_CONSTANT_CONVERSION = YES;
				CLANG_WARN_DEPRECATED_OBJC_IMPLEMENTATIONS = YES;
				CLANG_WARN_DIRECT_OBJC_ISA_USAGE = YES_ERROR;
				CLANG_WARN_DOCUMENTATION_COMMENTS = YES;
				CLANG_WARN_EMPTY_BODY = YES;
				CLANG_WARN_ENUM_CONVERSION = YES;
				CLANG_WARN_INFINITE_RECURSION = YES;
				CLANG_WARN_INT_CONVERSION = YES;
				CLANG_WARN_NON_LITERAL_NULL_CONVERSION = YES;
				CLANG_WARN_OBJC_IMPLICIT_RETAIN_SELF = YES;
				CLANG_WARN_OBJC_LITERAL_CONVERSION = YES;
				CLANG_WARN_OBJC_ROOT_CLASS = YES_ERROR;
				CLANG_WARN_QUOTED_INCLUDE_IN_FRAMEWORK_HEADER = YES;
				CLANG_WARN_RANGE_LOOP_ANALYSIS = YES;
				CLANG_WARN_STRICT_PROTOTYPES = YES;
				CLANG_WARN_SUSPICIOUS_MOVE = YES;
				CLANG_WARN_UNGUARDED_AVAILABILITY = YES_AGGRESSIVE;
				CLANG_WARN_UNREACHABLE_CODE = YES;
				CLANG_WARN__DUPLICATE_METHOD_MATCH = YES;
				COPY_PHASE_STRIP = NO;
				DEBUG_INFORMATION_FORMAT = dwarf;
				ENABLE_STRICT_OBJC_MSGSEND = YES;
				ENABLE_TESTABILITY = YES;
				GCC_C_LANGUAGE_STANDARD = gnu11;
				GCC_DYNAMIC_NO_PIC = NO;
				GCC_NO_COMMON_BLOCKS = YES;
				GCC_OPTIMIZATION_LEVEL = 0;
				GCC_PREPROCESSOR_DEFINITIONS = (
					"DEBUG=1",
					"$(inherited)",
				);
				GCC_WARN_64_TO_32_BIT_CONVERSION = YES;
				GCC_WARN_ABOUT_RETURN_TYPE = YES_ERROR;
				GCC_WARN_UNDECLARED_SELECTOR = YES;
				GCC_WARN_UNINITIALIZED_AUTOS = YES_AGGRESSIVE;
				GCC_WARN_UNUSED_FUNCTION = YES;
				GCC_WARN_UNUSED_VARIABLE = YES;
				IPHONEOS_DEPLOYMENT_TARGET = 14.0;
				MTL_ENABLE_DEBUG_INFO = INCLUDE_SOURCE;
				MTL_FAST_MATH = YES;
				ONLY_ACTIVE_ARCH = YES;
				SDKROOT = iphoneos;
				SWIFT_ACTIVE_COMPILATION_CONDITIONS = DEBUG;
				SWIFT_OPTIMIZATION_LEVEL = "-Onone";
			};
			name = Debug;
		};
		EEABE6012CB7108D00F336A5 /* Release */ = {
			isa = XCBuildConfiguration;
			buildSettings = {
				ALWAYS_SEARCH_USER_PATHS = NO;
				CLANG_ANALYZER_NONNULL = YES;
				CLANG_ANALYZER_NUMBER_OBJECT_CONVERSION = YES_AGGRESSIVE;
				CLANG_CXX_LANGUAGE_STANDARD = "gnu++14";
				CLANG_CXX_LIBRARY = "libc++";
				CLANG_ENABLE_MODULES = YES;
				CLANG_ENABLE_OBJC_ARC = YES;
				CLANG_ENABLE_OBJC_WEAK = YES;
				CLANG_WARN_BLOCK_CAPTURE_AUTORELEASING = YES;
				CLANG_WARN_BOOL_CONVERSION = YES;
				CLANG_WARN_COMMA = YES;
				CLANG_WARN_CONSTANT_CONVERSION = YES;
				CLANG_WARN_DEPRECATED_OBJC_IMPLEMENTATIONS = YES;
				CLANG_WARN_DIRECT_OBJC_ISA_USAGE = YES_ERROR;
				CLANG_WARN_DOCUMENTATION_COMMENTS = YES;
				CLANG_WARN_EMPTY_BODY = YES;
				CLANG_WARN_ENUM_CONVERSION = YES;
				CLANG_WARN_INFINITE_RECURSION = YES;
				CLANG_WARN_INT_CONVERSION = YES;
				CLANG_WARN_NON_LITERAL_NULL_CONVERSION = YES;
				CLANG_WARN_OBJC_IMPLICIT_RETAIN_SELF = YES;
				CLANG_WARN_OBJC_LITERAL_CONVERSION = YES;
				CLANG_WARN_OBJC_ROOT_CLASS = YES_ERROR;
				CLANG_WARN_QUOTED_INCLUDE_IN_FRAMEWORK_HEADER = YES;
				CLANG_WARN_RANGE_LOOP_ANALYSIS = YES;
				CLANG_WARN_STRICT_PROTOTYPES = YES;
				CLANG_WARN_SUSPICIOUS_MOVE = YES;
				CLANG_WARN_UNGUARDED_AVAILABILITY = YES_AGGRESSIVE;
				CLANG_WARN_UNREACHABLE_CODE = YES;
				CLANG_WARN__DUPLICATE_METHOD_MATCH = YES;
				COPY_PHASE_STRIP = NO;
				DEBUG_INFORMATION_FORMAT = "dwarf-with-dsym";
				ENABLE_NS_ASSERTIONS = NO;
				ENABLE_STRICT_OBJC_MSGSEND = YES;
				GCC_C_LANGUAGE_STANDARD = gnu11;
				GCC_NO_COMMON_BLOCKS = YES;
				GCC_WARN_64_TO_32_BIT_CONVERSION = YES;
				GCC_WARN_ABOUT_RETURN_TYPE = YES_ERROR;
				GCC_WARN_UNDECLARED_SELECTOR = YES;
				GCC_WARN_UNINITIALIZED_AUTOS = YES_AGGRESSIVE;
				GCC_WARN_UNUSED_FUNCTION = YES;
				GCC_WARN_UNUSED_VARIABLE = YES;
				IPHONEOS_DEPLOYMENT_TARGET = 14.0;
				MTL_ENABLE_DEBUG_INFO = NO;
				MTL_FAST_MATH = YES;
				SDKROOT = iphoneos;
				SWIFT_COMPILATION_MODE = wholemodule;
				SWIFT_OPTIMIZATION_LEVEL = "-O";
				VALIDATE_PRODUCT = YES;
			};
			name = Release;
		};
		EEABE6032CB7108D00F336A5 /* Debug */ = {
			isa = XCBuildConfiguration;
			buildSettings = {
				ASSETCATALOG_COMPILER_APPICON_NAME = AppIcon;
				ASSETCATALOG_COMPILER_GLOBAL_ACCENT_COLOR_NAME = AccentColor;
				CODE_SIGN_STYLE = Automatic;
				DEVELOPMENT_ASSET_PATHS = "\"MakeupForYou/Preview Content\"";
				DEVELOPMENT_TEAM = R2HSF79WAB;
				ENABLE_PREVIEWS = YES;
				INFOPLIST_FILE = MakeupForYou/Info.plist;
				IPHONEOS_DEPLOYMENT_TARGET = 14.0;
				LD_RUNPATH_SEARCH_PATHS = (
					"$(inherited)",
					"@executable_path/Frameworks",
				);
				PRODUCT_BUNDLE_IDENTIFIER = com.shirleyzhu.MakeupForYou;
				PRODUCT_NAME = "$(TARGET_NAME)";
				SWIFT_VERSION = 5.0;
				TARGETED_DEVICE_FAMILY = "1,2";
			};
			name = Debug;
		};
		EEABE6042CB7108D00F336A5 /* Release */ = {
			isa = XCBuildConfiguration;
			buildSettings = {
				ASSETCATALOG_COMPILER_APPICON_NAME = AppIcon;
				ASSETCATALOG_COMPILER_GLOBAL_ACCENT_COLOR_NAME = AccentColor;
				CODE_SIGN_STYLE = Automatic;
				DEVELOPMENT_ASSET_PATHS = "\"MakeupForYou/Preview Content\"";
				DEVELOPMENT_TEAM = R2HSF79WAB;
				ENABLE_PREVIEWS = YES;
				INFOPLIST_FILE = MakeupForYou/Info.plist;
				IPHONEOS_DEPLOYMENT_TARGET = 14.0;
				LD_RUNPATH_SEARCH_PATHS = (
					"$(inherited)",
					"@executable_path/Frameworks",
				);
				PRODUCT_BUNDLE_IDENTIFIER = com.shirleyzhu.MakeupForYou;
				PRODUCT_NAME = "$(TARGET_NAME)";
				SWIFT_VERSION = 5.0;
				TARGETED_DEVICE_FAMILY = "1,2";
			};
			name = Release;
		};
/* End XCBuildConfiguration section */

/* Begin XCConfigurationList section */
		EEABE5EE2CB7108C00F336A5 /* Build configuration list for PBXProject "MakeupForYou" */ = {
			isa = XCConfigurationList;
			buildConfigurations = (
				EEABE6002CB7108D00F336A5 /* Debug */,
				EEABE6012CB7108D00F336A5 /* Release */,
			);
			defaultConfigurationIsVisible = 0;
			defaultConfigurationName = Release;
		};
		EEABE6022CB7108D00F336A5 /* Build configuration list for PBXNativeTarget "MakeupForYou" */ = {
			isa = XCConfigurationList;
			buildConfigurations = (
				EEABE6032CB7108D00F336A5 /* Debug */,
				EEABE6042CB7108D00F336A5 /* Release */,
			);
			defaultConfigurationIsVisible = 0;
			defaultConfigurationName = Release;
		};
/* End XCConfigurationList section */
	};
	rootObject = EEABE5EB2CB7108C00F336A5 /* Project object */;
}
